
Microsoft Visual Studio Solution File, Format Version 12.00
# Visual Studio Version 17
VisualStudioVersion = 17.3.32922.545
MinimumVisualStudioVersion = 10.0.40219.1
Project("{FAE04EC0-301F-11D3-BF4B-00C04F79EFBC}") = "Day04ListGridViewPeople", "Day04ListGridViewPeople\Day04ListGridViewPeople.csproj", "{A6152AB7-0622-42BB-9F8B-0EB6BBED0A10}"
EndProject
Global
	GlobalSection(SolutionConfigurationPlatforms) = preSolution
		Debug|Any CPU = Debug|Any CPU
		Release|Any CPU = Release|Any CPU
	EndGlobalSection
	GlobalSection(ProjectConfigurationPlatforms) = postSolution
		{A6152AB7-0622-42BB-9F8B-0EB6BBED0A10}.Debug|Any CPU.ActiveCfg = Debug|Any CPU
		{A6152AB7-0622-42BB-9F8B-0EB6BBED0A10}.Debug|Any CPU.Build.0 = Debug|Any CPU
		{A6152AB7-0622-42BB-9F8B-0EB6BBED0A10}.Release|Any CPU.ActiveCfg = Release|Any CPU
		{A6152AB7-0622-42BB-9F8B-0EB6BBED0A10}.Release|Any CPU.Build.0 = Release|Any CPU
	EndGlobalSection
	GlobalSection(SolutionProperties) = preSolution
		HideSolutionNode = FALSE
	EndGlobalSection
	GlobalSection(ExtensibilityGlobals) = postSolution
		SolutionGuid = {051419C2-22BF-4A5D-8AF6-86E58DCB133D}
	EndGlobalSection
EndGlobal
