
Microsoft Visual Studio Solution File, Format Version 12.00
# Visual Studio Version 17
VisualStudioVersion = 17.3.32922.545
MinimumVisualStudioVersion = 10.0.40219.1
Project("{FAE04EC0-301F-11D3-BF4B-00C04F79EFBC}") = "Day2Input", "Day2Input\Day2Input.csproj", "{F1E42DD0-12E0-4B2D-ADDD-B3C91B0617C6}"
EndProject
Global
	GlobalSection(SolutionConfigurationPlatforms) = preSolution
		Debug|Any CPU = Debug|Any CPU
		Release|Any CPU = Release|Any CPU
	EndGlobalSection
	GlobalSection(ProjectConfigurationPlatforms) = postSolution
		{F1E42DD0-12E0-4B2D-ADDD-B3C91B0617C6}.Debug|Any CPU.ActiveCfg = Debug|Any CPU
		{F1E42DD0-12E0-4B2D-ADDD-B3C91B0617C6}.Debug|Any CPU.Build.0 = Debug|Any CPU
		{F1E42DD0-12E0-4B2D-ADDD-B3C91B0617C6}.Release|Any CPU.ActiveCfg = Release|Any CPU
		{F1E42DD0-12E0-4B2D-ADDD-B3C91B0617C6}.Release|Any CPU.Build.0 = Release|Any CPU
	EndGlobalSection
	GlobalSection(SolutionProperties) = preSolution
		HideSolutionNode = FALSE
	EndGlobalSection
	GlobalSection(ExtensibilityGlobals) = postSolution
		SolutionGuid = {1FC39E28-B6DB-4E8D-B446-7F90A6210B1F}
	EndGlobalSection
EndGlobal
