
Microsoft Visual Studio Solution File, Format Version 12.00
# Visual Studio Version 17
VisualStudioVersion = 17.3.32922.545
MinimumVisualStudioVersion = 10.0.40219.1
Project("{FAE04EC0-301F-11D3-BF4B-00C04F79EFBC}") = "Day01DotNetArray", "Day01DotNetArray\Day01DotNetArray.csproj", "{B7A52BD4-CF8A-4256-907E-EB100B4ECE68}"
EndProject
Global
	GlobalSection(SolutionConfigurationPlatforms) = preSolution
		Debug|Any CPU = Debug|Any CPU
		Release|Any CPU = Release|Any CPU
	EndGlobalSection
	GlobalSection(ProjectConfigurationPlatforms) = postSolution
		{B7A52BD4-CF8A-4256-907E-EB100B4ECE68}.Debug|Any CPU.ActiveCfg = Debug|Any CPU
		{B7A52BD4-CF8A-4256-907E-EB100B4ECE68}.Debug|Any CPU.Build.0 = Debug|Any CPU
		{B7A52BD4-CF8A-4256-907E-EB100B4ECE68}.Release|Any CPU.ActiveCfg = Release|Any CPU
		{B7A52BD4-CF8A-4256-907E-EB100B4ECE68}.Release|Any CPU.Build.0 = Release|Any CPU
	EndGlobalSection
	GlobalSection(SolutionProperties) = preSolution
		HideSolutionNode = FALSE
	EndGlobalSection
	GlobalSection(ExtensibilityGlobals) = postSolution
		SolutionGuid = {0E3C7E95-E3AF-46CD-99EA-AB12190A06CD}
	EndGlobalSection
EndGlobal
