
Microsoft Visual Studio Solution File, Format Version 12.00
# Visual Studio Version 17
VisualStudioVersion = 17.3.32922.545
MinimumVisualStudioVersion = 10.0.40219.1
Project("{FAE04EC0-301F-11D3-BF4B-00C04F79EFBC}") = "Day02WPFHelloWorld", "Day02WPFHelloWorld\Day02WPFHelloWorld.csproj", "{B148346A-68C9-4048-89F9-3EB1B8098AAD}"
EndProject
Global
	GlobalSection(SolutionConfigurationPlatforms) = preSolution
		Debug|Any CPU = Debug|Any CPU
		Release|Any CPU = Release|Any CPU
	EndGlobalSection
	GlobalSection(ProjectConfigurationPlatforms) = postSolution
		{B148346A-68C9-4048-89F9-3EB1B8098AAD}.Debug|Any CPU.ActiveCfg = Debug|Any CPU
		{B148346A-68C9-4048-89F9-3EB1B8098AAD}.Debug|Any CPU.Build.0 = Debug|Any CPU
		{B148346A-68C9-4048-89F9-3EB1B8098AAD}.Release|Any CPU.ActiveCfg = Release|Any CPU
		{B148346A-68C9-4048-89F9-3EB1B8098AAD}.Release|Any CPU.Build.0 = Release|Any CPU
	EndGlobalSection
	GlobalSection(SolutionProperties) = preSolution
		HideSolutionNode = FALSE
	EndGlobalSection
	GlobalSection(ExtensibilityGlobals) = postSolution
		SolutionGuid = {A06265AB-3CAC-4EF2-90C3-4AB0442D26C9}
	EndGlobalSection
EndGlobal
