
Microsoft Visual Studio Solution File, Format Version 12.00
# Visual Studio Version 17
VisualStudioVersion = 17.3.32922.545
MinimumVisualStudioVersion = 10.0.40219.1
Project("{FAE04EC0-301F-11D3-BF4B-00C04F79EFBC}") = "Day05FirstEFConsole", "Day05FirstEFConsole\Day05FirstEFConsole.csproj", "{F2C87F21-F84D-4EB9-A568-771D76A89D8D}"
EndProject
Global
	GlobalSection(SolutionConfigurationPlatforms) = preSolution
		Debug|Any CPU = Debug|Any CPU
		Release|Any CPU = Release|Any CPU
	EndGlobalSection
	GlobalSection(ProjectConfigurationPlatforms) = postSolution
		{F2C87F21-F84D-4EB9-A568-771D76A89D8D}.Debug|Any CPU.ActiveCfg = Debug|Any CPU
		{F2C87F21-F84D-4EB9-A568-771D76A89D8D}.Debug|Any CPU.Build.0 = Debug|Any CPU
		{F2C87F21-F84D-4EB9-A568-771D76A89D8D}.Release|Any CPU.ActiveCfg = Release|Any CPU
		{F2C87F21-F84D-4EB9-A568-771D76A89D8D}.Release|Any CPU.Build.0 = Release|Any CPU
	EndGlobalSection
	GlobalSection(SolutionProperties) = preSolution
		HideSolutionNode = FALSE
	EndGlobalSection
	GlobalSection(ExtensibilityGlobals) = postSolution
		SolutionGuid = {D3B40A60-4B57-4077-9CB6-00A6BD973652}
	EndGlobalSection
EndGlobal
